
Microsoft Visual Studio Solution File, Format Version 12.00
# Visual Studio 2013
VisualStudioVersion = 12.0.31101.0
MinimumVisualStudioVersion = 10.0.40219.1
Project("{FAE04EC0-301F-11D3-BF4B-00C04F79EFBC}") = "ConsoleApplication2wcf", "ConsoleApplication2wcf\ConsoleApplication2wcf.csproj", "{59CD12C5-0A77-4AE5-8017-07585161D0E2}"
EndProject
Project("{FAE04EC0-301F-11D3-BF4B-00C04F79EFBC}") = "ConsoleApplication1", "ConsoleApplication1\ConsoleApplication1.csproj", "{7B597D05-B840-49CA-B057-7BD8718F4EBF}"
EndProject
Global
	GlobalSection(SolutionConfigurationPlatforms) = preSolution
		Debug|Any CPU = Debug|Any CPU
		Release|Any CPU = Release|Any CPU
	EndGlobalSection
	GlobalSection(ProjectConfigurationPlatforms) = postSolution
		{59CD12C5-0A77-4AE5-8017-07585161D0E2}.Debug|Any CPU.ActiveCfg = Debug|Any CPU
		{59CD12C5-0A77-4AE5-8017-07585161D0E2}.Debug|Any CPU.Build.0 = Debug|Any CPU
		{59CD12C5-0A77-4AE5-8017-07585161D0E2}.Release|Any CPU.ActiveCfg = Release|Any CPU
		{59CD12C5-0A77-4AE5-8017-07585161D0E2}.Release|Any CPU.Build.0 = Release|Any CPU
		{7B597D05-B840-49CA-B057-7BD8718F4EBF}.Debug|Any CPU.ActiveCfg = Debug|Any CPU
		{7B597D05-B840-49CA-B057-7BD8718F4EBF}.Debug|Any CPU.Build.0 = Debug|Any CPU
		{7B597D05-B840-49CA-B057-7BD8718F4EBF}.Release|Any CPU.ActiveCfg = Release|Any CPU
		{7B597D05-B840-49CA-B057-7BD8718F4EBF}.Release|Any CPU.Build.0 = Release|Any CPU
	EndGlobalSection
	GlobalSection(SolutionProperties) = preSolution
		HideSolutionNode = FALSE
	EndGlobalSection
EndGlobal
